{
  "requires": true,
  "lockfileVersion": 1,
  "dependencies": {
    "angular-breakpoint": {
      "version": "git+https://github.com/castillo-io/angular-breakpoint.git#962ee5b9070a8d42738416d99c7c9032a9539dcd"
    },
    "angular-file-upload": {
      "version": "2.4.1",
      "resolved": "https://registry.npmjs.org/angular-file-upload/-/angular-file-upload-2.4.1.tgz",
      "integrity": "sha1-jUkvtTOY+Ksf5qhINvzXzhfK8JI="
    }
  }
}
